
Microsoft Visual Studio Solution File, Format Version 12.00
# Visual Studio Version 17
VisualStudioVersion = 17.14.36623.8 d17.14
MinimumVisualStudioVersion = 10.0.40219.1
Project("{FAE04EC0-301F-11D3-BF4B-00C04F79EFBC}") = "PracticaRecorridoB", "PracticaRecorridoB\PracticaRecorridoB.csproj", "{88402DE4-B4C9-4158-AB2B-63031F65CE8A}"
EndProject
Global
	GlobalSection(SolutionConfigurationPlatforms) = preSolution
		Debug|Any CPU = Debug|Any CPU
		Release|Any CPU = Release|Any CPU
	EndGlobalSection
	GlobalSection(ProjectConfigurationPlatforms) = postSolution
		{88402DE4-B4C9-4158-AB2B-63031F65CE8A}.Debug|Any CPU.ActiveCfg = Debug|Any CPU
		{88402DE4-B4C9-4158-AB2B-63031F65CE8A}.Debug|Any CPU.Build.0 = Debug|Any CPU
		{88402DE4-B4C9-4158-AB2B-63031F65CE8A}.Release|Any CPU.ActiveCfg = Release|Any CPU
		{88402DE4-B4C9-4158-AB2B-63031F65CE8A}.Release|Any CPU.Build.0 = Release|Any CPU
	EndGlobalSection
	GlobalSection(SolutionProperties) = preSolution
		HideSolutionNode = FALSE
	EndGlobalSection
	GlobalSection(ExtensibilityGlobals) = postSolution
		SolutionGuid = {0A1056AF-2118-473D-A993-495AFB989088}
	EndGlobalSection
EndGlobal
